// !$*UTF8*$!
{
	archiveVersion = 1;
	classes = {
	};
	objectVersion = 46;
	objects = {

/* Begin PBXBuildFile section */
		02FCFB94C0B9B580DDBB1CA4 /* Pods_SampleTapLoop.framework in Frameworks */ = {isa = PBXBuildFile; fileRef = 991421BA5920BF1822A177C5 /* Pods_SampleTapLoop.framework */; };
		A90630991E26EDF8006A9FF8 /* SamplingViewController.swift in Sources */ = {isa = PBXBuildFile; fileRef = A90630981E26EDF8006A9FF8 /* SamplingViewController.swift */; };
		A991AA731E6A2F2600E427B0 /* Localizable.strings in Resources */ = {isa = PBXBuildFile; fileRef = A991AA751E6A2F2600E427B0 /* Localizable.strings */; };
		A9BD621A1E6B9C060095CF64 /* GoogleService-Info.plist in Resources */ = {isa = PBXBuildFile; fileRef = A9BD62191E6B9C060095CF64 /* GoogleService-Info.plist */; };
		A9DBEAA91E248A8500AE6EE4 /* AppDelegate.swift in Sources */ = {isa = PBXBuildFile; fileRef = A9DBEAA81E248A8500AE6EE4 /* AppDelegate.swift */; };
		A9DBEAAB1E248A8500AE6EE4 /* ViewController.swift in Sources */ = {isa = PBXBuildFile; fileRef = A9DBEAAA1E248A8500AE6EE4 /* ViewController.swift */; };
		A9DBEAAE1E248A8500AE6EE4 /* Main.storyboard in Resources */ = {isa = PBXBuildFile; fileRef = A9DBEAAC1E248A8500AE6EE4 /* Main.storyboard */; };
		A9DBEAB11E248A8500AE6EE4 /* SampleTapLoop.xcdatamodeld in Sources */ = {isa = PBXBuildFile; fileRef = A9DBEAAF1E248A8500AE6EE4 /* SampleTapLoop.xcdatamodeld */; };
		A9DBEAB31E248A8500AE6EE4 /* Assets.xcassets in Resources */ = {isa = PBXBuildFile; fileRef = A9DBEAB21E248A8500AE6EE4 /* Assets.xcassets */; };
		A9DBEAB61E248A8500AE6EE4 /* LaunchScreen.storyboard in Resources */ = {isa = PBXBuildFile; fileRef = A9DBEAB41E248A8500AE6EE4 /* LaunchScreen.storyboard */; };
		A9DBEAC11E248A8600AE6EE4 /* SampleTapLoopTests.swift in Sources */ = {isa = PBXBuildFile; fileRef = A9DBEAC01E248A8600AE6EE4 /* SampleTapLoopTests.swift */; };
		A9DBEACC1E248A8600AE6EE4 /* SampleTapLoopUITests.swift in Sources */ = {isa = PBXBuildFile; fileRef = A9DBEACB1E248A8600AE6EE4 /* SampleTapLoopUITests.swift */; };
/* End PBXBuildFile section */

/* Begin PBXContainerItemProxy section */
		A9DBEABD1E248A8600AE6EE4 /* PBXContainerItemProxy */ = {
			isa = PBXContainerItemProxy;
			containerPortal = A9DBEA9D1E248A8500AE6EE4 /* Project object */;
			proxyType = 1;
			remoteGlobalIDString = A9DBEAA41E248A8500AE6EE4;
			remoteInfo = SampleTapLoop;
		};
		A9DBEAC81E248A8600AE6EE4 /* PBXContainerItemProxy */ = {
			isa = PBXContainerItemProxy;
			containerPortal = A9DBEA9D1E248A8500AE6EE4 /* Project object */;
			proxyType = 1;
			remoteGlobalIDString = A9DBEAA41E248A8500AE6EE4;
			remoteInfo = SampleTapLoop;
		};
/* End PBXContainerItemProxy section */

/* Begin PBXFileReference section */
		8EE311021587D32ABF859552 /* Pods_SampleTapLoopTests.framework */ = {isa = PBXFileReference; explicitFileType = wrapper.framework; includeInIndex = 0; path = Pods_SampleTapLoopTests.framework; sourceTree = BUILT_PRODUCTS_DIR; };
		991421BA5920BF1822A177C5 /* Pods_SampleTapLoop.framework */ = {isa = PBXFileReference; explicitFileType = wrapper.framework; includeInIndex = 0; path = Pods_SampleTapLoop.framework; sourceTree = BUILT_PRODUCTS_DIR; };
		A90630981E26EDF8006A9FF8 /* SamplingViewController.swift */ = {isa = PBXFileReference; fileEncoding = 4; lastKnownFileType = sourcecode.swift; path = SamplingViewController.swift; sourceTree = "<group>"; };
		A9209C331E6BAC78002E1DBF /* AdSupport.framework */ = {isa = PBXFileReference; lastKnownFileType = wrapper.framework; name = AdSupport.framework; path = System/Library/Frameworks/AdSupport.framework; sourceTree = SDKROOT; };
		A9209C351E6BAC81002E1DBF /* AudioToolbox.framework */ = {isa = PBXFileReference; lastKnownFileType = wrapper.framework; name = AudioToolbox.framework; path = System/Library/Frameworks/AudioToolbox.framework; sourceTree = SDKROOT; };
		A9209C371E6BAC89002E1DBF /* AVFoundation.framework */ = {isa = PBXFileReference; lastKnownFileType = wrapper.framework; name = AVFoundation.framework; path = System/Library/Frameworks/AVFoundation.framework; sourceTree = SDKROOT; };
		A9209C391E6BAC97002E1DBF /* CoreGraphics.framework */ = {isa = PBXFileReference; lastKnownFileType = wrapper.framework; name = CoreGraphics.framework; path = System/Library/Frameworks/CoreGraphics.framework; sourceTree = SDKROOT; };
		A9209C3B1E6BACA5002E1DBF /* CoreMedia.framework */ = {isa = PBXFileReference; lastKnownFileType = wrapper.framework; name = CoreMedia.framework; path = System/Library/Frameworks/CoreMedia.framework; sourceTree = SDKROOT; };
		A9209C3D1E6BACAF002E1DBF /* CoreTelephony.framework */ = {isa = PBXFileReference; lastKnownFileType = wrapper.framework; name = CoreTelephony.framework; path = System/Library/Frameworks/CoreTelephony.framework; sourceTree = SDKROOT; };
		A9209C3F1E6BACC9002E1DBF /* EventKit.framework */ = {isa = PBXFileReference; lastKnownFileType = wrapper.framework; name = EventKit.framework; path = System/Library/Frameworks/EventKit.framework; sourceTree = SDKROOT; };
		A9209C401E6BACC9002E1DBF /* EventKitUI.framework */ = {isa = PBXFileReference; lastKnownFileType = wrapper.framework; name = EventKitUI.framework; path = System/Library/Frameworks/EventKitUI.framework; sourceTree = SDKROOT; };
		A9209C431E6BACE9002E1DBF /* MessageUI.framework */ = {isa = PBXFileReference; lastKnownFileType = wrapper.framework; name = MessageUI.framework; path = System/Library/Frameworks/MessageUI.framework; sourceTree = SDKROOT; };
		A9209C441E6BACE9002E1DBF /* StoreKit.framework */ = {isa = PBXFileReference; lastKnownFileType = wrapper.framework; name = StoreKit.framework; path = System/Library/Frameworks/StoreKit.framework; sourceTree = SDKROOT; };
		A9209C451E6BACE9002E1DBF /* SystemConfiguration.framework */ = {isa = PBXFileReference; lastKnownFileType = wrapper.framework; name = SystemConfiguration.framework; path = System/Library/Frameworks/SystemConfiguration.framework; sourceTree = SDKROOT; };
		A991AA741E6A2F2600E427B0 /* Base */ = {isa = PBXFileReference; lastKnownFileType = text.plist.strings; name = Base; path = Base.lproj/Localizable.strings; sourceTree = "<group>"; };
		A991AA771E6A336500E427B0 /* ja */ = {isa = PBXFileReference; lastKnownFileType = text.plist.strings; name = ja; path = ja.lproj/LaunchScreen.strings; sourceTree = "<group>"; };
		A991AA781E6A336500E427B0 /* ja */ = {isa = PBXFileReference; lastKnownFileType = text.plist.strings; name = ja; path = ja.lproj/Localizable.strings; sourceTree = "<group>"; };
		A991AA7A1E6B3FF700E427B0 /* ja */ = {isa = PBXFileReference; lastKnownFileType = text.plist.strings; name = ja; path = ja.lproj/Main.strings; sourceTree = "<group>"; };
		A9BD62191E6B9C060095CF64 /* GoogleService-Info.plist */ = {isa = PBXFileReference; fileEncoding = 4; lastKnownFileType = text.plist.xml; path = "GoogleService-Info.plist"; sourceTree = "<group>"; };
		A9DBEAA51E248A8500AE6EE4 /* SampleTapLoop.app */ = {isa = PBXFileReference; explicitFileType = wrapper.application; includeInIndex = 0; path = SampleTapLoop.app; sourceTree = BUILT_PRODUCTS_DIR; };
		A9DBEAA81E248A8500AE6EE4 /* AppDelegate.swift */ = {isa = PBXFileReference; lastKnownFileType = sourcecode.swift; path = AppDelegate.swift; sourceTree = "<group>"; };
		A9DBEAAA1E248A8500AE6EE4 /* ViewController.swift */ = {isa = PBXFileReference; lastKnownFileType = sourcecode.swift; path = ViewController.swift; sourceTree = "<group>"; };
		A9DBEAAD1E248A8500AE6EE4 /* Base */ = {isa = PBXFileReference; lastKnownFileType = file.storyboard; name = Base; path = Base.lproj/Main.storyboard; sourceTree = "<group>"; };
		A9DBEAB01E248A8500AE6EE4 /* SampleTapLoop.xcdatamodel */ = {isa = PBXFileReference; lastKnownFileType = wrapper.xcdatamodel; path = SampleTapLoop.xcdatamodel; sourceTree = "<group>"; };
		A9DBEAB21E248A8500AE6EE4 /* Assets.xcassets */ = {isa = PBXFileReference; lastKnownFileType = folder.assetcatalog; path = Assets.xcassets; sourceTree = "<group>"; };
		A9DBEAB51E248A8500AE6EE4 /* Base */ = {isa = PBXFileReference; lastKnownFileType = file.storyboard; name = Base; path = Base.lproj/LaunchScreen.storyboard; sourceTree = "<group>"; };
		A9DBEAB71E248A8500AE6EE4 /* Info.plist */ = {isa = PBXFileReference; lastKnownFileType = text.plist.xml; path = Info.plist; sourceTree = "<group>"; };
		A9DBEABC1E248A8600AE6EE4 /* SampleTapLoopTests.xctest */ = {isa = PBXFileReference; explicitFileType = wrapper.cfbundle; includeInIndex = 0; path = SampleTapLoopTests.xctest; sourceTree = BUILT_PRODUCTS_DIR; };
		A9DBEAC01E248A8600AE6EE4 /* SampleTapLoopTests.swift */ = {isa = PBXFileReference; lastKnownFileType = sourcecode.swift; path = SampleTapLoopTests.swift; sourceTree = "<group>"; };
		A9DBEAC21E248A8600AE6EE4 /* Info.plist */ = {isa = PBXFileReference; lastKnownFileType = text.plist.xml; path = Info.plist; sourceTree = "<group>"; };
		A9DBEAC71E248A8600AE6EE4 /* SampleTapLoopUITests.xctest */ = {isa = PBXFileReference; explicitFileType = wrapper.cfbundle; includeInIndex = 0; path = SampleTapLoopUITests.xctest; sourceTree = BUILT_PRODUCTS_DIR; };
		A9DBEACB1E248A8600AE6EE4 /* SampleTapLoopUITests.swift */ = {isa = PBXFileReference; lastKnownFileType = sourcecode.swift; path = SampleTapLoopUITests.swift; sourceTree = "<group>"; };
		A9DBEACD1E248A8600AE6EE4 /* Info.plist */ = {isa = PBXFileReference; lastKnownFileType = text.plist.xml; path = Info.plist; sourceTree = "<group>"; };
		A9FC96F51E287454007948CC /* SampleTapLoop.entitlements */ = {isa = PBXFileReference; lastKnownFileType = text.plist.entitlements; path = SampleTapLoop.entitlements; sourceTree = "<group>"; };
		CC15E14ACC1978107149F497 /* Pods-SampleTapLoop.release.xcconfig */ = {isa = PBXFileReference; includeInIndex = 1; lastKnownFileType = text.xcconfig; name = "Pods-SampleTapLoop.release.xcconfig"; path = "Pods/Target Support Files/Pods-SampleTapLoop/Pods-SampleTapLoop.release.xcconfig"; sourceTree = "<group>"; };
		D943E2393A784301BF83BBDA /* Pods_SampleTapLoopUITests.framework */ = {isa = PBXFileReference; explicitFileType = wrapper.framework; includeInIndex = 0; path = Pods_SampleTapLoopUITests.framework; sourceTree = BUILT_PRODUCTS_DIR; };
		ECA8B0592E5162EC7C9EF348 /* Pods-SampleTapLoop.debug.xcconfig */ = {isa = PBXFileReference; includeInIndex = 1; lastKnownFileType = text.xcconfig; name = "Pods-SampleTapLoop.debug.xcconfig"; path = "Pods/Target Support Files/Pods-SampleTapLoop/Pods-SampleTapLoop.debug.xcconfig"; sourceTree = "<group>"; };
/* End PBXFileReference section */

/* Begin PBXFrameworksBuildPhase section */
		A9DBEAA21E248A8500AE6EE4 /* Frameworks */ = {
			isa = PBXFrameworksBuildPhase;
			buildActionMask = 2147483647;
			files = (
				02FCFB94C0B9B580DDBB1CA4 /* Pods_SampleTapLoop.framework in Frameworks */,
			);
			runOnlyForDeploymentPostprocessing = 0;
		};
		A9DBEAB91E248A8600AE6EE4 /* Frameworks */ = {
			isa = PBXFrameworksBuildPhase;
			buildActionMask = 2147483647;
			files = (
			);
			runOnlyForDeploymentPostprocessing = 0;
		};
		A9DBEAC41E248A8600AE6EE4 /* Frameworks */ = {
			isa = PBXFrameworksBuildPhase;
			buildActionMask = 2147483647;
			files = (
			);
			runOnlyForDeploymentPostprocessing = 0;
		};
/* End PBXFrameworksBuildPhase section */

/* Begin PBXGroup section */
		A59A639156DF2749126ADD77 /* Pods */ = {
			isa = PBXGroup;
			children = (
				ECA8B0592E5162EC7C9EF348 /* Pods-SampleTapLoop.debug.xcconfig */,
				CC15E14ACC1978107149F497 /* Pods-SampleTapLoop.release.xcconfig */,
			);
			name = Pods;
			sourceTree = "<group>";
		};
		A9DBEA9C1E248A8500AE6EE4 = {
			isa = PBXGroup;
			children = (
				A9DBEAA71E248A8500AE6EE4 /* SampleTapLoop */,
				A9DBEABF1E248A8600AE6EE4 /* SampleTapLoopTests */,
				A9DBEACA1E248A8600AE6EE4 /* SampleTapLoopUITests */,
				A9DBEAA61E248A8500AE6EE4 /* Products */,
				A9FC96F61E287454007948CC /* Frameworks */,
				A59A639156DF2749126ADD77 /* Pods */,
			);
			sourceTree = "<group>";
		};
		A9DBEAA61E248A8500AE6EE4 /* Products */ = {
			isa = PBXGroup;
			children = (
				A9DBEAA51E248A8500AE6EE4 /* SampleTapLoop.app */,
				A9DBEABC1E248A8600AE6EE4 /* SampleTapLoopTests.xctest */,
				A9DBEAC71E248A8600AE6EE4 /* SampleTapLoopUITests.xctest */,
			);
			name = Products;
			sourceTree = "<group>";
		};
		A9DBEAA71E248A8500AE6EE4 /* SampleTapLoop */ = {
			isa = PBXGroup;
			children = (
				A9FC96F51E287454007948CC /* SampleTapLoop.entitlements */,
				A9DBEAA81E248A8500AE6EE4 /* AppDelegate.swift */,
				A9DBEAAA1E248A8500AE6EE4 /* ViewController.swift */,
				A90630981E26EDF8006A9FF8 /* SamplingViewController.swift */,
				A9DBEAAC1E248A8500AE6EE4 /* Main.storyboard */,
				A9DBEAB21E248A8500AE6EE4 /* Assets.xcassets */,
				A9DBEAB41E248A8500AE6EE4 /* LaunchScreen.storyboard */,
				A9DBEAB71E248A8500AE6EE4 /* Info.plist */,
				A991AA751E6A2F2600E427B0 /* Localizable.strings */,
				A9DBEAAF1E248A8500AE6EE4 /* SampleTapLoop.xcdatamodeld */,
				A9BD62191E6B9C060095CF64 /* GoogleService-Info.plist */,
			);
			path = SampleTapLoop;
			sourceTree = "<group>";
		};
		A9DBEABF1E248A8600AE6EE4 /* SampleTapLoopTests */ = {
			isa = PBXGroup;
			children = (
				A9DBEAC01E248A8600AE6EE4 /* SampleTapLoopTests.swift */,
				A9DBEAC21E248A8600AE6EE4 /* Info.plist */,
			);
			path = SampleTapLoopTests;
			sourceTree = "<group>";
		};
		A9DBEACA1E248A8600AE6EE4 /* SampleTapLoopUITests */ = {
			isa = PBXGroup;
			children = (
				A9DBEACB1E248A8600AE6EE4 /* SampleTapLoopUITests.swift */,
				A9DBEACD1E248A8600AE6EE4 /* Info.plist */,
			);
			path = SampleTapLoopUITests;
			sourceTree = "<group>";
		};
		A9FC96F61E287454007948CC /* Frameworks */ = {
			isa = PBXGroup;
			children = (
				A9209C431E6BACE9002E1DBF /* MessageUI.framework */,
				A9209C441E6BACE9002E1DBF /* StoreKit.framework */,
				A9209C451E6BACE9002E1DBF /* SystemConfiguration.framework */,
				A9209C3F1E6BACC9002E1DBF /* EventKit.framework */,
				A9209C401E6BACC9002E1DBF /* EventKitUI.framework */,
				A9209C3D1E6BACAF002E1DBF /* CoreTelephony.framework */,
				A9209C3B1E6BACA5002E1DBF /* CoreMedia.framework */,
				A9209C391E6BAC97002E1DBF /* CoreGraphics.framework */,
				A9209C371E6BAC89002E1DBF /* AVFoundation.framework */,
				A9209C351E6BAC81002E1DBF /* AudioToolbox.framework */,
				A9209C331E6BAC78002E1DBF /* AdSupport.framework */,
				991421BA5920BF1822A177C5 /* Pods_SampleTapLoop.framework */,
				8EE311021587D32ABF859552 /* Pods_SampleTapLoopTests.framework */,
				D943E2393A784301BF83BBDA /* Pods_SampleTapLoopUITests.framework */,
			);
			name = Frameworks;
			sourceTree = "<group>";
		};
/* End PBXGroup section */

/* Begin PBXNativeTarget section */
		A9DBEAA41E248A8500AE6EE4 /* SampleTapLoop */ = {
			isa = PBXNativeTarget;
			buildConfigurationList = A9DBEAD01E248A8600AE6EE4 /* Build configuration list for PBXNativeTarget "SampleTapLoop" */;
			buildPhases = (
				35DF3DBEB31603480A8BE718 /* [CP] Check Pods Manifest.lock */,
				A9DBEAA11E248A8500AE6EE4 /* Sources */,
				A9DBEAA21E248A8500AE6EE4 /* Frameworks */,
				A9DBEAA31E248A8500AE6EE4 /* Resources */,
				41160C10BAF05A116EB18A5A /* [CP] Embed Pods Frameworks */,
				5569E92F26988EAA78547B94 /* [CP] Copy Pods Resources */,
			);
			buildRules = (
			);
			dependencies = (
			);
			name = SampleTapLoop;
			productName = SampleTapLoop;
			productReference = A9DBEAA51E248A8500AE6EE4 /* SampleTapLoop.app */;
			productType = "com.apple.product-type.application";
		};
		A9DBEABB1E248A8600AE6EE4 /* SampleTapLoopTests */ = {
			isa = PBXNativeTarget;
			buildConfigurationList = A9DBEAD31E248A8600AE6EE4 /* Build configuration list for PBXNativeTarget "SampleTapLoopTests" */;
			buildPhases = (
				A9DBEAB81E248A8600AE6EE4 /* Sources */,
				A9DBEAB91E248A8600AE6EE4 /* Frameworks */,
				A9DBEABA1E248A8600AE6EE4 /* Resources */,
			);
			buildRules = (
			);
			dependencies = (
				A9DBEABE1E248A8600AE6EE4 /* PBXTargetDependency */,
			);
			name = SampleTapLoopTests;
			productName = SampleTapLoopTests;
			productReference = A9DBEABC1E248A8600AE6EE4 /* SampleTapLoopTests.xctest */;
			productType = "com.apple.product-type.bundle.unit-test";
		};
		A9DBEAC61E248A8600AE6EE4 /* SampleTapLoopUITests */ = {
			isa = PBXNativeTarget;
			buildConfigurationList = A9DBEAD61E248A8600AE6EE4 /* Build configuration list for PBXNativeTarget "SampleTapLoopUITests" */;
			buildPhases = (
				A9DBEAC31E248A8600AE6EE4 /* Sources */,
				A9DBEAC41E248A8600AE6EE4 /* Frameworks */,
				A9DBEAC51E248A8600AE6EE4 /* Resources */,
			);
			buildRules = (
			);
			dependencies = (
				A9DBEAC91E248A8600AE6EE4 /* PBXTargetDependency */,
			);
			name = SampleTapLoopUITests;
			productName = SampleTapLoopUITests;
			productReference = A9DBEAC71E248A8600AE6EE4 /* SampleTapLoopUITests.xctest */;
			productType = "com.apple.product-type.bundle.ui-testing";
		};
/* End PBXNativeTarget section */

/* Begin PBXProject section */
		A9DBEA9D1E248A8500AE6EE4 /* Project object */ = {
			isa = PBXProject;
			attributes = {
				LastSwiftUpdateCheck = 0820;
				LastUpgradeCheck = 0820;
				ORGANIZATIONNAME = "Takatomo INOUE";
				TargetAttributes = {
					A9DBEAA41E248A8500AE6EE4 = {
						CreatedOnToolsVersion = 8.2.1;
						DevelopmentTeam = GTYGR37LG9;
						ProvisioningStyle = Automatic;
						SystemCapabilities = {
							com.apple.InterAppAudio = {
								enabled = 0;
							};
						};
					};
					A9DBEABB1E248A8600AE6EE4 = {
						CreatedOnToolsVersion = 8.2.1;
						DevelopmentTeam = 3KPPVYM38R;
						ProvisioningStyle = Automatic;
						TestTargetID = A9DBEAA41E248A8500AE6EE4;
					};
					A9DBEAC61E248A8600AE6EE4 = {
						CreatedOnToolsVersion = 8.2.1;
						DevelopmentTeam = 3KPPVYM38R;
						ProvisioningStyle = Automatic;
						TestTargetID = A9DBEAA41E248A8500AE6EE4;
					};
				};
			};
			buildConfigurationList = A9DBEAA01E248A8500AE6EE4 /* Build configuration list for PBXProject "SampleTapLoop" */;
			compatibilityVersion = "Xcode 3.2";
			developmentRegion = English;
			hasScannedForEncodings = 0;
			knownRegions = (
				en,
				Base,
				ja,
			);
			mainGroup = A9DBEA9C1E248A8500AE6EE4;
			productRefGroup = A9DBEAA61E248A8500AE6EE4 /* Products */;
			projectDirPath = "";
			projectRoot = "";
			targets = (
				A9DBEAA41E248A8500AE6EE4 /* SampleTapLoop */,
				A9DBEABB1E248A8600AE6EE4 /* SampleTapLoopTests */,
				A9DBEAC61E248A8600AE6EE4 /* SampleTapLoopUITests */,
			);
		};
/* End PBXProject section */

/* Begin PBXResourcesBuildPhase section */
		A9DBEAA31E248A8500AE6EE4 /* Resources */ = {
			isa = PBXResourcesBuildPhase;
			buildActionMask = 2147483647;
			files = (
				A9DBEAB61E248A8500AE6EE4 /* LaunchScreen.storyboard in Resources */,
				A991AA731E6A2F2600E427B0 /* Localizable.strings in Resources */,
				A9BD621A1E6B9C060095CF64 /* GoogleService-Info.plist in Resources */,
				A9DBEAB31E248A8500AE6EE4 /* Assets.xcassets in Resources */,
				A9DBEAAE1E248A8500AE6EE4 /* Main.storyboard in Resources */,
			);
			runOnlyForDeploymentPostprocessing = 0;
		};
		A9DBEABA1E248A8600AE6EE4 /* Resources */ = {
			isa = PBXResourcesBuildPhase;
			buildActionMask = 2147483647;
			files = (
			);
			runOnlyForDeploymentPostprocessing = 0;
		};
		A9DBEAC51E248A8600AE6EE4 /* Resources */ = {
			isa = PBXResourcesBuildPhase;
			buildActionMask = 2147483647;
			files = (
			);
			runOnlyForDeploymentPostprocessing = 0;
		};
/* End PBXResourcesBuildPhase section */

/* Begin PBXShellScriptBuildPhase section */
		35DF3DBEB31603480A8BE718 /* [CP] Check Pods Manifest.lock */ = {
			isa = PBXShellScriptBuildPhase;
			buildActionMask = 2147483647;
			files = (
			);
			inputPaths = (
			);
			name = "[CP] Check Pods Manifest.lock";
			outputPaths = (
			);
			runOnlyForDeploymentPostprocessing = 0;
			shellPath = /bin/sh;
			shellScript = "diff \"${PODS_ROOT}/../Podfile.lock\" \"${PODS_ROOT}/Manifest.lock\" > /dev/null\nif [ $? != 0 ] ; then\n    # print error to STDERR\n    echo \"error: The sandbox is not in sync with the Podfile.lock. Run 'pod install' or update your CocoaPods installation.\" >&2\n    exit 1\nfi\n";
			showEnvVarsInLog = 0;
		};
		41160C10BAF05A116EB18A5A /* [CP] Embed Pods Frameworks */ = {
			isa = PBXShellScriptBuildPhase;
			buildActionMask = 2147483647;
			files = (
			);
			inputPaths = (
			);
			name = "[CP] Embed Pods Frameworks";
			outputPaths = (
			);
			runOnlyForDeploymentPostprocessing = 0;
			shellPath = /bin/sh;
			shellScript = "\"${SRCROOT}/Pods/Target Support Files/Pods-SampleTapLoop/Pods-SampleTapLoop-frameworks.sh\"\n";
			showEnvVarsInLog = 0;
		};
		5569E92F26988EAA78547B94 /* [CP] Copy Pods Resources */ = {
			isa = PBXShellScriptBuildPhase;
			buildActionMask = 2147483647;
			files = (
			);
			inputPaths = (
			);
			name = "[CP] Copy Pods Resources";
			outputPaths = (
			);
			runOnlyForDeploymentPostprocessing = 0;
			shellPath = /bin/sh;
			shellScript = "\"${SRCROOT}/Pods/Target Support Files/Pods-SampleTapLoop/Pods-SampleTapLoop-resources.sh\"\n";
			showEnvVarsInLog = 0;
		};
/* End PBXShellScriptBuildPhase section */

/* Begin PBXSourcesBuildPhase section */
		A9DBEAA11E248A8500AE6EE4 /* Sources */ = {
			isa = PBXSourcesBuildPhase;
			buildActionMask = 2147483647;
			files = (
				A9DBEAAB1E248A8500AE6EE4 /* ViewController.swift in Sources */,
				A90630991E26EDF8006A9FF8 /* SamplingViewController.swift in Sources */,
				A9DBEAA91E248A8500AE6EE4 /* AppDelegate.swift in Sources */,
				A9DBEAB11E248A8500AE6EE4 /* SampleTapLoop.xcdatamodeld in Sources */,
			);
			runOnlyForDeploymentPostprocessing = 0;
		};
		A9DBEAB81E248A8600AE6EE4 /* Sources */ = {
			isa = PBXSourcesBuildPhase;
			buildActionMask = 2147483647;
			files = (
				A9DBEAC11E248A8600AE6EE4 /* SampleTapLoopTests.swift in Sources */,
			);
			runOnlyForDeploymentPostprocessing = 0;
		};
		A9DBEAC31E248A8600AE6EE4 /* Sources */ = {
			isa = PBXSourcesBuildPhase;
			buildActionMask = 2147483647;
			files = (
				A9DBEACC1E248A8600AE6EE4 /* SampleTapLoopUITests.swift in Sources */,
			);
			runOnlyForDeploymentPostprocessing = 0;
		};
/* End PBXSourcesBuildPhase section */

/* Begin PBXTargetDependency section */
		A9DBEABE1E248A8600AE6EE4 /* PBXTargetDependency */ = {
			isa = PBXTargetDependency;
			target = A9DBEAA41E248A8500AE6EE4 /* SampleTapLoop */;
			targetProxy = A9DBEABD1E248A8600AE6EE4 /* PBXContainerItemProxy */;
		};
		A9DBEAC91E248A8600AE6EE4 /* PBXTargetDependency */ = {
			isa = PBXTargetDependency;
			target = A9DBEAA41E248A8500AE6EE4 /* SampleTapLoop */;
			targetProxy = A9DBEAC81E248A8600AE6EE4 /* PBXContainerItemProxy */;
		};
/* End PBXTargetDependency section */

/* Begin PBXVariantGroup section */
		A991AA751E6A2F2600E427B0 /* Localizable.strings */ = {
			isa = PBXVariantGroup;
			children = (
				A991AA741E6A2F2600E427B0 /* Base */,
				A991AA781E6A336500E427B0 /* ja */,
			);
			name = Localizable.strings;
			path = ..;
			sourceTree = "<group>";
		};
		A9DBEAAC1E248A8500AE6EE4 /* Main.storyboard */ = {
			isa = PBXVariantGroup;
			children = (
				A9DBEAAD1E248A8500AE6EE4 /* Base */,
				A991AA7A1E6B3FF700E427B0 /* ja */,
			);
			name = Main.storyboard;
			sourceTree = "<group>";
		};
		A9DBEAB41E248A8500AE6EE4 /* LaunchScreen.storyboard */ = {
			isa = PBXVariantGroup;
			children = (
				A9DBEAB51E248A8500AE6EE4 /* Base */,
				A991AA771E6A336500E427B0 /* ja */,
			);
			name = LaunchScreen.storyboard;
			sourceTree = "<group>";
		};
/* End PBXVariantGroup section */

/* Begin XCBuildConfiguration section */
		A9DBEACE1E248A8600AE6EE4 /* Debug */ = {
			isa = XCBuildConfiguration;
			buildSettings = {
				ALWAYS_EMBED_SWIFT_STANDARD_LIBRARIES = YES;
				ALWAYS_SEARCH_USER_PATHS = NO;
				CLANG_ANALYZER_LOCALIZABILITY_NONLOCALIZED = YES;
				CLANG_ANALYZER_NONNULL = YES;
				CLANG_CXX_LANGUAGE_STANDARD = "gnu++0x";
				CLANG_CXX_LIBRARY = "libc++";
				CLANG_ENABLE_MODULES = YES;
				CLANG_ENABLE_OBJC_ARC = YES;
				CLANG_WARN_BOOL_CONVERSION = YES;
				CLANG_WARN_CONSTANT_CONVERSION = YES;
				CLANG_WARN_DIRECT_OBJC_ISA_USAGE = YES_ERROR;
				CLANG_WARN_DOCUMENTATION_COMMENTS = YES;
				CLANG_WARN_EMPTY_BODY = YES;
				CLANG_WARN_ENUM_CONVERSION = YES;
				CLANG_WARN_INFINITE_RECURSION = YES;
				CLANG_WARN_INT_CONVERSION = YES;
				CLANG_WARN_OBJC_ROOT_CLASS = YES_ERROR;
				CLANG_WARN_SUSPICIOUS_MOVE = YES;
				CLANG_WARN_UNREACHABLE_CODE = YES;
				CLANG_WARN__DUPLICATE_METHOD_MATCH = YES;
				"CODE_SIGN_IDENTITY[sdk=iphoneos*]" = "iPhone Developer";
				COPY_PHASE_STRIP = NO;
				DEBUG_INFORMATION_FORMAT = dwarf;
				DEVELOPMENT_TEAM = GTYGR37LG9;
				ENABLE_STRICT_OBJC_MSGSEND = YES;
				ENABLE_TESTABILITY = YES;
				GCC_C_LANGUAGE_STANDARD = gnu99;
				GCC_DYNAMIC_NO_PIC = NO;
				GCC_NO_COMMON_BLOCKS = YES;
				GCC_OPTIMIZATION_LEVEL = 0;
				GCC_PREPROCESSOR_DEFINITIONS = (
					"DEBUG=1",
					"$(inherited)",
				);
				GCC_WARN_64_TO_32_BIT_CONVERSION = YES;
				GCC_WARN_ABOUT_RETURN_TYPE = YES_ERROR;
				GCC_WARN_UNDECLARED_SELECTOR = YES;
				GCC_WARN_UNINITIALIZED_AUTOS = YES_AGGRESSIVE;
				GCC_WARN_UNUSED_FUNCTION = YES;
				GCC_WARN_UNUSED_VARIABLE = YES;
				IPHONEOS_DEPLOYMENT_TARGET = 10.2;
				MTL_ENABLE_DEBUG_INFO = YES;
				ONLY_ACTIVE_ARCH = YES;
				SDKROOT = iphoneos;
				SWIFT_ACTIVE_COMPILATION_CONDITIONS = DEBUG;
				SWIFT_OPTIMIZATION_LEVEL = "-Onone";
				TARGETED_DEVICE_FAMILY = "1,2";
			};
			name = Debug;
		};
		A9DBEACF1E248A8600AE6EE4 /* Release */ = {
			isa = XCBuildConfiguration;
			buildSettings = {
				ALWAYS_EMBED_SWIFT_STANDARD_LIBRARIES = YES;
				ALWAYS_SEARCH_USER_PATHS = NO;
				CLANG_ANALYZER_LOCALIZABILITY_NONLOCALIZED = YES;
				CLANG_ANALYZER_NONNULL = YES;
				CLANG_CXX_LANGUAGE_STANDARD = "gnu++0x";
				CLANG_CXX_LIBRARY = "libc++";
				CLANG_ENABLE_MODULES = YES;
				CLANG_ENABLE_OBJC_ARC = YES;
				CLANG_WARN_BOOL_CONVERSION = YES;
				CLANG_WARN_CONSTANT_CONVERSION = YES;
				CLANG_WARN_DIRECT_OBJC_ISA_USAGE = YES_ERROR;
				CLANG_WARN_DOCUMENTATION_COMMENTS = YES;
				CLANG_WARN_EMPTY_BODY = YES;
				CLANG_WARN_ENUM_CONVERSION = YES;
				CLANG_WARN_INFINITE_RECURSION = YES;
				CLANG_WARN_INT_CONVERSION = YES;
				CLANG_WARN_OBJC_ROOT_CLASS = YES_ERROR;
				CLANG_WARN_SUSPICIOUS_MOVE = YES;
				CLANG_WARN_UNREACHABLE_CODE = YES;
				CLANG_WARN__DUPLICATE_METHOD_MATCH = YES;
				"CODE_SIGN_IDENTITY[sdk=iphoneos*]" = "iPhone Developer";
				COPY_PHASE_STRIP = NO;
				DEBUG_INFORMATION_FORMAT = "dwarf-with-dsym";
				DEVELOPMENT_TEAM = GTYGR37LG9;
				ENABLE_NS_ASSERTIONS = NO;
				ENABLE_STRICT_OBJC_MSGSEND = YES;
				GCC_C_LANGUAGE_STANDARD = gnu99;
				GCC_NO_COMMON_BLOCKS = YES;
				GCC_WARN_64_TO_32_BIT_CONVERSION = YES;
				GCC_WARN_ABOUT_RETURN_TYPE = YES_ERROR;
				GCC_WARN_UNDECLARED_SELECTOR = YES;
				GCC_WARN_UNINITIALIZED_AUTOS = YES_AGGRESSIVE;
				GCC_WARN_UNUSED_FUNCTION = YES;
				GCC_WARN_UNUSED_VARIABLE = YES;
				IPHONEOS_DEPLOYMENT_TARGET = 10.2;
				MTL_ENABLE_DEBUG_INFO = NO;
				ONLY_ACTIVE_ARCH = YES;
				SDKROOT = iphoneos;
				SWIFT_OPTIMIZATION_LEVEL = "-Owholemodule";
				TARGETED_DEVICE_FAMILY = "1,2";
				VALIDATE_PRODUCT = YES;
			};
			name = Release;
		};
		A9DBEAD11E248A8600AE6EE4 /* Debug */ = {
			isa = XCBuildConfiguration;
			baseConfigurationReference = ECA8B0592E5162EC7C9EF348 /* Pods-SampleTapLoop.debug.xcconfig */;
			buildSettings = {
				ASSETCATALOG_COMPILER_APPICON_NAME = AppIcon;
				DEVELOPMENT_TEAM = GTYGR37LG9;
				FRAMEWORK_SEARCH_PATHS = (
					"$(inherited)",
					"$(PROJECT_DIR)/SampleTapLoop",
				);
				INFOPLIST_FILE = SampleTapLoop/Info.plist;
				LD_RUNPATH_SEARCH_PATHS = "$(inherited) @executable_path/Frameworks";
				ONLY_ACTIVE_ARCH = YES;
				OTHER_LDFLAGS = "$(inherited)";
				PRODUCT_BUNDLE_IDENTIFIER = com.tubesoft.SampleTapLoop;
				PRODUCT_NAME = "$(TARGET_NAME)";
				SWIFT_OBJC_BRIDGING_HEADER = "";
				SWIFT_VERSION = 3.0;
				TARGETED_DEVICE_FAMILY = "1,2";
			};
			name = Debug;
		};
		A9DBEAD21E248A8600AE6EE4 /* Release */ = {
			isa = XCBuildConfiguration;
			baseConfigurationReference = CC15E14ACC1978107149F497 /* Pods-SampleTapLoop.release.xcconfig */;
			buildSettings = {
				ASSETCATALOG_COMPILER_APPICON_NAME = AppIcon;
				DEVELOPMENT_TEAM = GTYGR37LG9;
				FRAMEWORK_SEARCH_PATHS = (
					"$(inherited)",
					"$(PROJECT_DIR)/SampleTapLoop",
				);
				INFOPLIST_FILE = SampleTapLoop/Info.plist;
				LD_RUNPATH_SEARCH_PATHS = "$(inherited) @executable_path/Frameworks";
				ONLY_ACTIVE_ARCH = YES;
				OTHER_LDFLAGS = "$(inherited)";
				PRODUCT_BUNDLE_IDENTIFIER = com.tubesoft.SampleTapLoop;
				PRODUCT_NAME = "$(TARGET_NAME)";
				SWIFT_OBJC_BRIDGING_HEADER = "";
				SWIFT_VERSION = 3.0;
				TARGETED_DEVICE_FAMILY = "1,2";
			};
			name = Release;
		};
		A9DBEAD41E248A8600AE6EE4 /* Debug */ = {
			isa = XCBuildConfiguration;
			buildSettings = {
				ALWAYS_EMBED_SWIFT_STANDARD_LIBRARIES = YES;
				BUNDLE_LOADER = "$(TEST_HOST)";
				DEVELOPMENT_TEAM = 3KPPVYM38R;
				INFOPLIST_FILE = SampleTapLoopTests/Info.plist;
				LD_RUNPATH_SEARCH_PATHS = "$(inherited) @executable_path/Frameworks @loader_path/Frameworks";
				PRODUCT_BUNDLE_IDENTIFIER = tubesoft.SampleTapLoopTests;
				PRODUCT_NAME = "$(TARGET_NAME)";
				SWIFT_VERSION = 3.0;
				TEST_HOST = "$(BUILT_PRODUCTS_DIR)/SampleTapLoop.app/SampleTapLoop";
			};
			name = Debug;
		};
		A9DBEAD51E248A8600AE6EE4 /* Release */ = {
			isa = XCBuildConfiguration;
			buildSettings = {
				ALWAYS_EMBED_SWIFT_STANDARD_LIBRARIES = YES;
				BUNDLE_LOADER = "$(TEST_HOST)";
				DEVELOPMENT_TEAM = 3KPPVYM38R;
				INFOPLIST_FILE = SampleTapLoopTests/Info.plist;
				LD_RUNPATH_SEARCH_PATHS = "$(inherited) @executable_path/Frameworks @loader_path/Frameworks";
				PRODUCT_BUNDLE_IDENTIFIER = tubesoft.SampleTapLoopTests;
				PRODUCT_NAME = "$(TARGET_NAME)";
				SWIFT_VERSION = 3.0;
				TEST_HOST = "$(BUILT_PRODUCTS_DIR)/SampleTapLoop.app/SampleTapLoop";
			};
			name = Release;
		};
		A9DBEAD71E248A8600AE6EE4 /* Debug */ = {
			isa = XCBuildConfiguration;
			buildSettings = {
				ALWAYS_EMBED_SWIFT_STANDARD_LIBRARIES = YES;
				DEVELOPMENT_TEAM = 3KPPVYM38R;
				INFOPLIST_FILE = SampleTapLoopUITests/Info.plist;
				LD_RUNPATH_SEARCH_PATHS = "$(inherited) @executable_path/Frameworks @loader_path/Frameworks";
				PRODUCT_BUNDLE_IDENTIFIER = tubesoft.SampleTapLoopUITests;
				PRODUCT_NAME = "$(TARGET_NAME)";
				SWIFT_VERSION = 3.0;
				TEST_TARGET_NAME = SampleTapLoop;
			};
			name = Debug;
		};
		A9DBEAD81E248A8600AE6EE4 /* Release */ = {
			isa = XCBuildConfiguration;
			buildSettings = {
				ALWAYS_EMBED_SWIFT_STANDARD_LIBRARIES = YES;
				DEVELOPMENT_TEAM = 3KPPVYM38R;
				INFOPLIST_FILE = SampleTapLoopUITests/Info.plist;
				LD_RUNPATH_SEARCH_PATHS = "$(inherited) @executable_path/Frameworks @loader_path/Frameworks";
				PRODUCT_BUNDLE_IDENTIFIER = tubesoft.SampleTapLoopUITests;
				PRODUCT_NAME = "$(TARGET_NAME)";
				SWIFT_VERSION = 3.0;
				TEST_TARGET_NAME = SampleTapLoop;
			};
			name = Release;
		};
/* End XCBuildConfiguration section */

/* Begin XCConfigurationList section */
		A9DBEAA01E248A8500AE6EE4 /* Build configuration list for PBXProject "SampleTapLoop" */ = {
			isa = XCConfigurationList;
			buildConfigurations = (
				A9DBEACE1E248A8600AE6EE4 /* Debug */,
				A9DBEACF1E248A8600AE6EE4 /* Release */,
			);
			defaultConfigurationIsVisible = 0;
			defaultConfigurationName = Release;
		};
		A9DBEAD01E248A8600AE6EE4 /* Build configuration list for PBXNativeTarget "SampleTapLoop" */ = {
			isa = XCConfigurationList;
			buildConfigurations = (
				A9DBEAD11E248A8600AE6EE4 /* Debug */,
				A9DBEAD21E248A8600AE6EE4 /* Release */,
			);
			defaultConfigurationIsVisible = 0;
			defaultConfigurationName = Release;
		};
		A9DBEAD31E248A8600AE6EE4 /* Build configuration list for PBXNativeTarget "SampleTapLoopTests" */ = {
			isa = XCConfigurationList;
			buildConfigurations = (
				A9DBEAD41E248A8600AE6EE4 /* Debug */,
				A9DBEAD51E248A8600AE6EE4 /* Release */,
			);
			defaultConfigurationIsVisible = 0;
			defaultConfigurationName = Release;
		};
		A9DBEAD61E248A8600AE6EE4 /* Build configuration list for PBXNativeTarget "SampleTapLoopUITests" */ = {
			isa = XCConfigurationList;
			buildConfigurations = (
				A9DBEAD71E248A8600AE6EE4 /* Debug */,
				A9DBEAD81E248A8600AE6EE4 /* Release */,
			);
			defaultConfigurationIsVisible = 0;
			defaultConfigurationName = Release;
		};
/* End XCConfigurationList section */

/* Begin XCVersionGroup section */
		A9DBEAAF1E248A8500AE6EE4 /* SampleTapLoop.xcdatamodeld */ = {
			isa = XCVersionGroup;
			children = (
				A9DBEAB01E248A8500AE6EE4 /* SampleTapLoop.xcdatamodel */,
			);
			currentVersion = A9DBEAB01E248A8500AE6EE4 /* SampleTapLoop.xcdatamodel */;
			path = SampleTapLoop.xcdatamodeld;
			sourceTree = "<group>";
			versionGroupType = wrapper.xcdatamodel;
		};
/* End XCVersionGroup section */
	};
	rootObject = A9DBEA9D1E248A8500AE6EE4 /* Project object */;
}
